
Microsoft Visual Studio Solution File, Format Version 12.00
# Visual Studio Version 16
VisualStudioVersion = 16.0.29920.165
MinimumVisualStudioVersion = 10.0.40219.1
Project("{FAE04EC0-301F-11D3-BF4B-00C04F79EFBC}") = "AppAndorid", "AppAndorid\AppAndorid.csproj", "{F01A18C6-035F-42A1-B693-53B55EFD7C0E}"
EndProject
Global
	GlobalSection(SolutionConfigurationPlatforms) = preSolution
		Debug|Any CPU = Debug|Any CPU
		Release|Any CPU = Release|Any CPU
	EndGlobalSection
	GlobalSection(ProjectConfigurationPlatforms) = postSolution
		{F01A18C6-035F-42A1-B693-53B55EFD7C0E}.Debug|Any CPU.ActiveCfg = Debug|Any CPU
		{F01A18C6-035F-42A1-B693-53B55EFD7C0E}.Debug|Any CPU.Build.0 = Debug|Any CPU
		{F01A18C6-035F-42A1-B693-53B55EFD7C0E}.Debug|Any CPU.Deploy.0 = Debug|Any CPU
		{F01A18C6-035F-42A1-B693-53B55EFD7C0E}.Release|Any CPU.ActiveCfg = Release|Any CPU
		{F01A18C6-035F-42A1-B693-53B55EFD7C0E}.Release|Any CPU.Build.0 = Release|Any CPU
		{F01A18C6-035F-42A1-B693-53B55EFD7C0E}.Release|Any CPU.Deploy.0 = Release|Any CPU
	EndGlobalSection
	GlobalSection(SolutionProperties) = preSolution
		HideSolutionNode = FALSE
	EndGlobalSection
	GlobalSection(ExtensibilityGlobals) = postSolution
		SolutionGuid = {5748DD5D-C4DD-4BB3-B8B7-C49EF9B1D207}
	EndGlobalSection
EndGlobal
